
Microsoft Visual Studio Solution File, Format Version 12.00
# Visual Studio 15
VisualStudioVersion = 15.0.26124.0
MinimumVisualStudioVersion = 15.0.26124.0
Project("{9A19103F-16F7-4668-BE54-9A1E7A4F7556}") = "Pentagon.Extensions.Security", "src\Pentagon.Extensions.Security\Pentagon.Extensions.Security.csproj", "{5A6AD003-93E7-4532-A96C-B844A7A80072}"
EndProject
Project("{2150E333-8FDC-42A3-9474-1A3956D46DE8}") = "Tests", "Tests", "{4551508A-C837-4380-BA5E-2F56983F9680}"
EndProject
Project("{FAE04EC0-301F-11D3-BF4B-00C04F79EFBC}") = "Pentagon.Extensions.Security.Tests", "test\Pentagon.Extensions.Security.Tests\Pentagon.Extensions.Security.Tests.csproj", "{AC692E4E-1CA0-43AF-87DF-60AFB1BF4293}"
EndProject
Global
	GlobalSection(SolutionConfigurationPlatforms) = preSolution
		Debug|Any CPU = Debug|Any CPU
		Debug|x64 = Debug|x64
		Debug|x86 = Debug|x86
		Release|Any CPU = Release|Any CPU
		Release|x64 = Release|x64
		Release|x86 = Release|x86
	EndGlobalSection
	GlobalSection(ProjectConfigurationPlatforms) = postSolution
		{5A6AD003-93E7-4532-A96C-B844A7A80072}.Debug|Any CPU.ActiveCfg = Debug|Any CPU
		{5A6AD003-93E7-4532-A96C-B844A7A80072}.Debug|Any CPU.Build.0 = Debug|Any CPU
		{5A6AD003-93E7-4532-A96C-B844A7A80072}.Debug|x64.ActiveCfg = Debug|Any CPU
		{5A6AD003-93E7-4532-A96C-B844A7A80072}.Debug|x64.Build.0 = Debug|Any CPU
		{5A6AD003-93E7-4532-A96C-B844A7A80072}.Debug|x86.ActiveCfg = Debug|Any CPU
		{5A6AD003-93E7-4532-A96C-B844A7A80072}.Debug|x86.Build.0 = Debug|Any CPU
		{5A6AD003-93E7-4532-A96C-B844A7A80072}.Release|Any CPU.ActiveCfg = Release|Any CPU
		{5A6AD003-93E7-4532-A96C-B844A7A80072}.Release|Any CPU.Build.0 = Release|Any CPU
		{5A6AD003-93E7-4532-A96C-B844A7A80072}.Release|x64.ActiveCfg = Release|Any CPU
		{5A6AD003-93E7-4532-A96C-B844A7A80072}.Release|x64.Build.0 = Release|Any CPU
		{5A6AD003-93E7-4532-A96C-B844A7A80072}.Release|x86.ActiveCfg = Release|Any CPU
		{5A6AD003-93E7-4532-A96C-B844A7A80072}.Release|x86.Build.0 = Release|Any CPU
		{AC692E4E-1CA0-43AF-87DF-60AFB1BF4293}.Debug|Any CPU.ActiveCfg = Debug|Any CPU
		{AC692E4E-1CA0-43AF-87DF-60AFB1BF4293}.Debug|Any CPU.Build.0 = Debug|Any CPU
		{AC692E4E-1CA0-43AF-87DF-60AFB1BF4293}.Debug|x64.ActiveCfg = Debug|Any CPU
		{AC692E4E-1CA0-43AF-87DF-60AFB1BF4293}.Debug|x64.Build.0 = Debug|Any CPU
		{AC692E4E-1CA0-43AF-87DF-60AFB1BF4293}.Debug|x86.ActiveCfg = Debug|Any CPU
		{AC692E4E-1CA0-43AF-87DF-60AFB1BF4293}.Debug|x86.Build.0 = Debug|Any CPU
		{AC692E4E-1CA0-43AF-87DF-60AFB1BF4293}.Release|Any CPU.ActiveCfg = Release|Any CPU
		{AC692E4E-1CA0-43AF-87DF-60AFB1BF4293}.Release|Any CPU.Build.0 = Release|Any CPU
		{AC692E4E-1CA0-43AF-87DF-60AFB1BF4293}.Release|x64.ActiveCfg = Release|Any CPU
		{AC692E4E-1CA0-43AF-87DF-60AFB1BF4293}.Release|x64.Build.0 = Release|Any CPU
		{AC692E4E-1CA0-43AF-87DF-60AFB1BF4293}.Release|x86.ActiveCfg = Release|Any CPU
		{AC692E4E-1CA0-43AF-87DF-60AFB1BF4293}.Release|x86.Build.0 = Release|Any CPU
	EndGlobalSection
	GlobalSection(SolutionProperties) = preSolution
		HideSolutionNode = FALSE
	EndGlobalSection
	GlobalSection(NestedProjects) = preSolution
		{AC692E4E-1CA0-43AF-87DF-60AFB1BF4293} = {4551508A-C837-4380-BA5E-2F56983F9680}
	EndGlobalSection
	GlobalSection(ExtensibilityGlobals) = postSolution
		SolutionGuid = {37BAAC7D-D149-4C83-892C-0CB336208680}
	EndGlobalSection
EndGlobal
